
Microsoft Visual Studio Solution File, Format Version 12.00
# Visual Studio 2012
Project("{FAE04EC0-301F-11D3-BF4B-00C04F79EFBC}") = "AbsolutePositioning", "AbsolutePositioning.csproj", "{12C3A7FF-11A3-4F2B-8638-8A61499E51E3}"
EndProject
Global
	GlobalSection(SolutionConfigurationPlatforms) = preSolution
		Debug|x86 = Debug|x86
		Release|x86 = Release|x86
	EndGlobalSection
	GlobalSection(ProjectConfigurationPlatforms) = postSolution
		{12C3A7FF-11A3-4F2B-8638-8A61499E51E3}.Debug|x86.ActiveCfg = Debug|x86
		{12C3A7FF-11A3-4F2B-8638-8A61499E51E3}.Debug|x86.Build.0 = Debug|x86
		{12C3A7FF-11A3-4F2B-8638-8A61499E51E3}.Release|x86.ActiveCfg = Release|x86
		{12C3A7FF-11A3-4F2B-8638-8A61499E51E3}.Release|x86.Build.0 = Release|x86
	EndGlobalSection
	GlobalSection(MonoDevelopProperties) = preSolution
		StartupItem = AbsolutePositioning.csproj
	EndGlobalSection
EndGlobal
